
Microsoft Visual Studio Solution File, Format Version 12.00
# Visual Studio 15
VisualStudioVersion = 15.0.26228.4
MinimumVisualStudioVersion = 10.0.40219.1
Project("{FAE04EC0-301F-11D3-BF4B-00C04F79EFBC}") = "Ninject.Extensions.Perspectives", "Ninject.Extensions.Perspectives\Ninject.Extensions.Perspectives.csproj", "{3AA7E11C-7E77-473A-B8C1-7A76AADD41D6}"
EndProject
Project("{FAE04EC0-301F-11D3-BF4B-00C04F79EFBC}") = "Ninject.Extensions.Perspectives.Tests", "Ninject.Extensions.Perspectives.Tests\Ninject.Extensions.Perspectives.Tests.csproj", "{63A018B7-F906-489D-A125-7D96BA4D7837}"
EndProject
Project("{2150E333-8FDC-42A3-9474-1A3956D46DE8}") = "Solution Items", "Solution Items", "{55CA8DEF-BDBD-4FA3-9112-8109E7B7C4BE}"
	ProjectSection(SolutionItems) = preProject
		Ninject.Extensions.Perspectives\Ninject.Extensions.Perspectives.nuspec = Ninject.Extensions.Perspectives\Ninject.Extensions.Perspectives.nuspec
		README.md = README.md
	EndProjectSection
EndProject
Global
	GlobalSection(SolutionConfigurationPlatforms) = preSolution
		Debug|Any CPU = Debug|Any CPU
		Release|Any CPU = Release|Any CPU
	EndGlobalSection
	GlobalSection(ProjectConfigurationPlatforms) = postSolution
		{3AA7E11C-7E77-473A-B8C1-7A76AADD41D6}.Debug|Any CPU.ActiveCfg = Debug|Any CPU
		{3AA7E11C-7E77-473A-B8C1-7A76AADD41D6}.Debug|Any CPU.Build.0 = Debug|Any CPU
		{3AA7E11C-7E77-473A-B8C1-7A76AADD41D6}.Release|Any CPU.ActiveCfg = Release|Any CPU
		{3AA7E11C-7E77-473A-B8C1-7A76AADD41D6}.Release|Any CPU.Build.0 = Release|Any CPU
		{63A018B7-F906-489D-A125-7D96BA4D7837}.Debug|Any CPU.ActiveCfg = Debug|Any CPU
		{63A018B7-F906-489D-A125-7D96BA4D7837}.Debug|Any CPU.Build.0 = Debug|Any CPU
		{63A018B7-F906-489D-A125-7D96BA4D7837}.Release|Any CPU.ActiveCfg = Release|Any CPU
		{63A018B7-F906-489D-A125-7D96BA4D7837}.Release|Any CPU.Build.0 = Release|Any CPU
	EndGlobalSection
	GlobalSection(SolutionProperties) = preSolution
		HideSolutionNode = FALSE
	EndGlobalSection
EndGlobal
